// !$*UTF8*$!
{
	archiveVersion = 1;
	classes = {
	};
	objectVersion = 46;
	objects = {

/* Begin PBXBuildFile section */
		1768945118D9C1E800311551 /* Foundation.framework in Frameworks */ = {isa = PBXBuildFile; fileRef = 1768945018D9C1E800311551 /* Foundation.framework */; };
		1768945318D9C1E800311551 /* CoreGraphics.framework in Frameworks */ = {isa = PBXBuildFile; fileRef = 1768945218D9C1E800311551 /* CoreGraphics.framework */; };
		1768945518D9C1E800311551 /* UIKit.framework in Frameworks */ = {isa = PBXBuildFile; fileRef = 1768945418D9C1E800311551 /* UIKit.framework */; };
		1768945B18D9C1E800311551 /* InfoPlist.strings in Resources */ = {isa = PBXBuildFile; fileRef = 1768945918D9C1E800311551 /* InfoPlist.strings */; };
		1768945D18D9C1E800311551 /* main.m in Sources */ = {isa = PBXBuildFile; fileRef = 1768945C18D9C1E800311551 /* main.m */; };
		1768946118D9C1E800311551 /* YYHAppDelegate.m in Sources */ = {isa = PBXBuildFile; fileRef = 1768946018D9C1E800311551 /* YYHAppDelegate.m */; };
		1768946A18D9C1E800311551 /* XCTest.framework in Frameworks */ = {isa = PBXBuildFile; fileRef = 1768946918D9C1E800311551 /* XCTest.framework */; };
		1768946B18D9C1E800311551 /* Foundation.framework in Frameworks */ = {isa = PBXBuildFile; fileRef = 1768945018D9C1E800311551 /* Foundation.framework */; };
		1768946C18D9C1E800311551 /* UIKit.framework in Frameworks */ = {isa = PBXBuildFile; fileRef = 1768945418D9C1E800311551 /* UIKit.framework */; };
		1768947418D9C1E800311551 /* InfoPlist.strings in Resources */ = {isa = PBXBuildFile; fileRef = 1768947218D9C1E800311551 /* InfoPlist.strings */; };
		1768947618D9C1E800311551 /* YYHRequestTests.m in Sources */ = {isa = PBXBuildFile; fileRef = 1768947518D9C1E800311551 /* YYHRequestTests.m */; };
		1768948818D9C38500311551 /* YYHJSONRequest.m in Sources */ = {isa = PBXBuildFile; fileRef = 1768948418D9C38500311551 /* YYHJSONRequest.m */; };
		1768948918D9C38500311551 /* YYHRequest.m in Sources */ = {isa = PBXBuildFile; fileRef = 1768948718D9C38500311551 /* YYHRequest.m */; };
/* End PBXBuildFile section */

/* Begin PBXContainerItemProxy section */
		1768946D18D9C1E800311551 /* PBXContainerItemProxy */ = {
			isa = PBXContainerItemProxy;
			containerPortal = 1768944518D9C1E800311551 /* Project object */;
			proxyType = 1;
			remoteGlobalIDString = 1768944C18D9C1E800311551;
			remoteInfo = YYHRequest;
		};
/* End PBXContainerItemProxy section */

/* Begin PBXFileReference section */
		1768944D18D9C1E800311551 /* YYHRequest.app */ = {isa = PBXFileReference; explicitFileType = wrapper.application; includeInIndex = 0; path = YYHRequest.app; sourceTree = BUILT_PRODUCTS_DIR; };
		1768945018D9C1E800311551 /* Foundation.framework */ = {isa = PBXFileReference; lastKnownFileType = wrapper.framework; name = Foundation.framework; path = System/Library/Frameworks/Foundation.framework; sourceTree = SDKROOT; };
		1768945218D9C1E800311551 /* CoreGraphics.framework */ = {isa = PBXFileReference; lastKnownFileType = wrapper.framework; name = CoreGraphics.framework; path = System/Library/Frameworks/CoreGraphics.framework; sourceTree = SDKROOT; };
		1768945418D9C1E800311551 /* UIKit.framework */ = {isa = PBXFileReference; lastKnownFileType = wrapper.framework; name = UIKit.framework; path = System/Library/Frameworks/UIKit.framework; sourceTree = SDKROOT; };
		1768945818D9C1E800311551 /* YYHRequest-Info.plist */ = {isa = PBXFileReference; lastKnownFileType = text.plist.xml; path = "YYHRequest-Info.plist"; sourceTree = "<group>"; };
		1768945A18D9C1E800311551 /* en */ = {isa = PBXFileReference; lastKnownFileType = text.plist.strings; name = en; path = en.lproj/InfoPlist.strings; sourceTree = "<group>"; };
		1768945C18D9C1E800311551 /* main.m */ = {isa = PBXFileReference; lastKnownFileType = sourcecode.c.objc; path = main.m; sourceTree = "<group>"; };
		1768945E18D9C1E800311551 /* YYHRequest-Prefix.pch */ = {isa = PBXFileReference; lastKnownFileType = sourcecode.c.h; path = "YYHRequest-Prefix.pch"; sourceTree = "<group>"; };
		1768945F18D9C1E800311551 /* YYHAppDelegate.h */ = {isa = PBXFileReference; lastKnownFileType = sourcecode.c.h; path = YYHAppDelegate.h; sourceTree = "<group>"; };
		1768946018D9C1E800311551 /* YYHAppDelegate.m */ = {isa = PBXFileReference; lastKnownFileType = sourcecode.c.objc; path = YYHAppDelegate.m; sourceTree = "<group>"; };
		1768946818D9C1E800311551 /* YYHRequestTests.xctest */ = {isa = PBXFileReference; explicitFileType = wrapper.cfbundle; includeInIndex = 0; path = YYHRequestTests.xctest; sourceTree = BUILT_PRODUCTS_DIR; };
		1768946918D9C1E800311551 /* XCTest.framework */ = {isa = PBXFileReference; lastKnownFileType = wrapper.framework; name = XCTest.framework; path = Library/Frameworks/XCTest.framework; sourceTree = DEVELOPER_DIR; };
		1768947118D9C1E800311551 /* YYHRequestTests-Info.plist */ = {isa = PBXFileReference; lastKnownFileType = text.plist.xml; path = "YYHRequestTests-Info.plist"; sourceTree = "<group>"; };
		1768947318D9C1E800311551 /* en */ = {isa = PBXFileReference; lastKnownFileType = text.plist.strings; name = en; path = en.lproj/InfoPlist.strings; sourceTree = "<group>"; };
		1768947518D9C1E800311551 /* YYHRequestTests.m */ = {isa = PBXFileReference; lastKnownFileType = sourcecode.c.objc; path = YYHRequestTests.m; sourceTree = "<group>"; };
		1768948318D9C38500311551 /* YYHJSONRequest.h */ = {isa = PBXFileReference; fileEncoding = 4; lastKnownFileType = sourcecode.c.h; path = YYHJSONRequest.h; sourceTree = "<group>"; };
		1768948418D9C38500311551 /* YYHJSONRequest.m */ = {isa = PBXFileReference; fileEncoding = 4; lastKnownFileType = sourcecode.c.objc; path = YYHJSONRequest.m; sourceTree = "<group>"; };
		1768948618D9C38500311551 /* YYHRequest.h */ = {isa = PBXFileReference; fileEncoding = 4; lastKnownFileType = sourcecode.c.h; path = YYHRequest.h; sourceTree = "<group>"; };
		1768948718D9C38500311551 /* YYHRequest.m */ = {isa = PBXFileReference; fileEncoding = 4; lastKnownFileType = sourcecode.c.objc; path = YYHRequest.m; sourceTree = "<group>"; };
/* End PBXFileReference section */

/* Begin PBXFrameworksBuildPhase section */
		1768944A18D9C1E800311551 /* Frameworks */ = {
			isa = PBXFrameworksBuildPhase;
			buildActionMask = 2147483647;
			files = (
				1768945318D9C1E800311551 /* CoreGraphics.framework in Frameworks */,
				1768945518D9C1E800311551 /* UIKit.framework in Frameworks */,
				1768945118D9C1E800311551 /* Foundation.framework in Frameworks */,
			);
			runOnlyForDeploymentPostprocessing = 0;
		};
		1768946518D9C1E800311551 /* Frameworks */ = {
			isa = PBXFrameworksBuildPhase;
			buildActionMask = 2147483647;
			files = (
				1768946A18D9C1E800311551 /* XCTest.framework in Frameworks */,
				1768946C18D9C1E800311551 /* UIKit.framework in Frameworks */,
				1768946B18D9C1E800311551 /* Foundation.framework in Frameworks */,
			);
			runOnlyForDeploymentPostprocessing = 0;
		};
/* End PBXFrameworksBuildPhase section */

/* Begin PBXGroup section */
		1768944418D9C1E800311551 = {
			isa = PBXGroup;
			children = (
				1768945618D9C1E800311551 /* YYHRequest */,
				1768946F18D9C1E800311551 /* YYHRequestTests */,
				1768944F18D9C1E800311551 /* Frameworks */,
				1768944E18D9C1E800311551 /* Products */,
			);
			sourceTree = "<group>";
		};
		1768944E18D9C1E800311551 /* Products */ = {
			isa = PBXGroup;
			children = (
				1768944D18D9C1E800311551 /* YYHRequest.app */,
				1768946818D9C1E800311551 /* YYHRequestTests.xctest */,
			);
			name = Products;
			sourceTree = "<group>";
		};
		1768944F18D9C1E800311551 /* Frameworks */ = {
			isa = PBXGroup;
			children = (
				1768945018D9C1E800311551 /* Foundation.framework */,
				1768945218D9C1E800311551 /* CoreGraphics.framework */,
				1768945418D9C1E800311551 /* UIKit.framework */,
				1768946918D9C1E800311551 /* XCTest.framework */,
			);
			name = Frameworks;
			sourceTree = "<group>";
		};
		1768945618D9C1E800311551 /* YYHRequest */ = {
			isa = PBXGroup;
			children = (
				1768948118D9C38500311551 /* Classes */,
				1768945F18D9C1E800311551 /* YYHAppDelegate.h */,
				1768946018D9C1E800311551 /* YYHAppDelegate.m */,
				1768945718D9C1E800311551 /* Supporting Files */,
			);
			path = YYHRequest;
			sourceTree = "<group>";
		};
		1768945718D9C1E800311551 /* Supporting Files */ = {
			isa = PBXGroup;
			children = (
				1768945818D9C1E800311551 /* YYHRequest-Info.plist */,
				1768945918D9C1E800311551 /* InfoPlist.strings */,
				1768945C18D9C1E800311551 /* main.m */,
				1768945E18D9C1E800311551 /* YYHRequest-Prefix.pch */,
			);
			name = "Supporting Files";
			sourceTree = "<group>";
		};
		1768946F18D9C1E800311551 /* YYHRequestTests */ = {
			isa = PBXGroup;
			children = (
				1768947518D9C1E800311551 /* YYHRequestTests.m */,
				1768947018D9C1E800311551 /* Supporting Files */,
			);
			path = YYHRequestTests;
			sourceTree = "<group>";
		};
		1768947018D9C1E800311551 /* Supporting Files */ = {
			isa = PBXGroup;
			children = (
				1768947118D9C1E800311551 /* YYHRequestTests-Info.plist */,
				1768947218D9C1E800311551 /* InfoPlist.strings */,
			);
			name = "Supporting Files";
			sourceTree = "<group>";
		};
		1768948118D9C38500311551 /* Classes */ = {
			isa = PBXGroup;
			children = (
				1768948218D9C38500311551 /* YYHJSONRequest */,
				1768948518D9C38500311551 /* YYHRequest */,
			);
			path = Classes;
			sourceTree = "<group>";
		};
		1768948218D9C38500311551 /* YYHJSONRequest */ = {
			isa = PBXGroup;
			children = (
				1768948318D9C38500311551 /* YYHJSONRequest.h */,
				1768948418D9C38500311551 /* YYHJSONRequest.m */,
			);
			path = YYHJSONRequest;
			sourceTree = "<group>";
		};
		1768948518D9C38500311551 /* YYHRequest */ = {
			isa = PBXGroup;
			children = (
				1768948618D9C38500311551 /* YYHRequest.h */,
				1768948718D9C38500311551 /* YYHRequest.m */,
			);
			path = YYHRequest;
			sourceTree = "<group>";
		};
/* End PBXGroup section */

/* Begin PBXNativeTarget section */
		1768944C18D9C1E800311551 /* YYHRequest */ = {
			isa = PBXNativeTarget;
			buildConfigurationList = 1768947918D9C1E800311551 /* Build configuration list for PBXNativeTarget "YYHRequest" */;
			buildPhases = (
				1768944918D9C1E800311551 /* Sources */,
				1768944A18D9C1E800311551 /* Frameworks */,
				1768944B18D9C1E800311551 /* Resources */,
			);
			buildRules = (
			);
			dependencies = (
			);
			name = YYHRequest;
			productName = YYHRequest;
			productReference = 1768944D18D9C1E800311551 /* YYHRequest.app */;
			productType = "com.apple.product-type.application";
		};
		1768946718D9C1E800311551 /* YYHRequestTests */ = {
			isa = PBXNativeTarget;
			buildConfigurationList = 1768947C18D9C1E800311551 /* Build configuration list for PBXNativeTarget "YYHRequestTests" */;
			buildPhases = (
				1768946418D9C1E800311551 /* Sources */,
				1768946518D9C1E800311551 /* Frameworks */,
				1768946618D9C1E800311551 /* Resources */,
			);
			buildRules = (
			);
			dependencies = (
				1768946E18D9C1E800311551 /* PBXTargetDependency */,
			);
			name = YYHRequestTests;
			productName = YYHRequestTests;
			productReference = 1768946818D9C1E800311551 /* YYHRequestTests.xctest */;
			productType = "com.apple.product-type.bundle.unit-test";
		};
/* End PBXNativeTarget section */

/* Begin PBXProject section */
		1768944518D9C1E800311551 /* Project object */ = {
			isa = PBXProject;
			attributes = {
				CLASSPREFIX = YYH;
				LastUpgradeCheck = 0510;
				ORGANIZATIONNAME = Yayuhh;
				TargetAttributes = {
					1768946718D9C1E800311551 = {
						TestTargetID = 1768944C18D9C1E800311551;
					};
				};
			};
			buildConfigurationList = 1768944818D9C1E800311551 /* Build configuration list for PBXProject "YYHRequest" */;
			compatibilityVersion = "Xcode 3.2";
			developmentRegion = English;
			hasScannedForEncodings = 0;
			knownRegions = (
				en,
			);
			mainGroup = 1768944418D9C1E800311551;
			productRefGroup = 1768944E18D9C1E800311551 /* Products */;
			projectDirPath = "";
			projectRoot = "";
			targets = (
				1768944C18D9C1E800311551 /* YYHRequest */,
				1768946718D9C1E800311551 /* YYHRequestTests */,
			);
		};
/* End PBXProject section */

/* Begin PBXResourcesBuildPhase section */
		1768944B18D9C1E800311551 /* Resources */ = {
			isa = PBXResourcesBuildPhase;
			buildActionMask = 2147483647;
			files = (
				1768945B18D9C1E800311551 /* InfoPlist.strings in Resources */,
			);
			runOnlyForDeploymentPostprocessing = 0;
		};
		1768946618D9C1E800311551 /* Resources */ = {
			isa = PBXResourcesBuildPhase;
			buildActionMask = 2147483647;
			files = (
				1768947418D9C1E800311551 /* InfoPlist.strings in Resources */,
			);
			runOnlyForDeploymentPostprocessing = 0;
		};
/* End PBXResourcesBuildPhase section */

/* Begin PBXSourcesBuildPhase section */
		1768944918D9C1E800311551 /* Sources */ = {
			isa = PBXSourcesBuildPhase;
			buildActionMask = 2147483647;
			files = (
				1768945D18D9C1E800311551 /* main.m in Sources */,
				1768946118D9C1E800311551 /* YYHAppDelegate.m in Sources */,
				1768948918D9C38500311551 /* YYHRequest.m in Sources */,
				1768948818D9C38500311551 /* YYHJSONRequest.m in Sources */,
			);
			runOnlyForDeploymentPostprocessing = 0;
		};
		1768946418D9C1E800311551 /* Sources */ = {
			isa = PBXSourcesBuildPhase;
			buildActionMask = 2147483647;
			files = (
				1768947618D9C1E800311551 /* YYHRequestTests.m in Sources */,
			);
			runOnlyForDeploymentPostprocessing = 0;
		};
/* End PBXSourcesBuildPhase section */

/* Begin PBXTargetDependency section */
		1768946E18D9C1E800311551 /* PBXTargetDependency */ = {
			isa = PBXTargetDependency;
			target = 1768944C18D9C1E800311551 /* YYHRequest */;
			targetProxy = 1768946D18D9C1E800311551 /* PBXContainerItemProxy */;
		};
/* End PBXTargetDependency section */

/* Begin PBXVariantGroup section */
		1768945918D9C1E800311551 /* InfoPlist.strings */ = {
			isa = PBXVariantGroup;
			children = (
				1768945A18D9C1E800311551 /* en */,
			);
			name = InfoPlist.strings;
			sourceTree = "<group>";
		};
		1768947218D9C1E800311551 /* InfoPlist.strings */ = {
			isa = PBXVariantGroup;
			children = (
				1768947318D9C1E800311551 /* en */,
			);
			name = InfoPlist.strings;
			sourceTree = "<group>";
		};
/* End PBXVariantGroup section */

/* Begin XCBuildConfiguration section */
		1768947718D9C1E800311551 /* Debug */ = {
			isa = XCBuildConfiguration;
			buildSettings = {
				ALWAYS_SEARCH_USER_PATHS = NO;
				CLANG_CXX_LANGUAGE_STANDARD = "gnu++0x";
				CLANG_CXX_LIBRARY = "libc++";
				CLANG_ENABLE_MODULES = YES;
				CLANG_ENABLE_OBJC_ARC = YES;
				CLANG_WARN_BOOL_CONVERSION = YES;
				CLANG_WARN_CONSTANT_CONVERSION = YES;
				CLANG_WARN_DIRECT_OBJC_ISA_USAGE = YES_ERROR;
				CLANG_WARN_EMPTY_BODY = YES;
				CLANG_WARN_ENUM_CONVERSION = YES;
				CLANG_WARN_INT_CONVERSION = YES;
				CLANG_WARN_OBJC_ROOT_CLASS = YES_ERROR;
				CLANG_WARN__DUPLICATE_METHOD_MATCH = YES;
				"CODE_SIGN_IDENTITY[sdk=iphoneos*]" = "iPhone Developer";
				COPY_PHASE_STRIP = NO;
				GCC_C_LANGUAGE_STANDARD = gnu99;
				GCC_DYNAMIC_NO_PIC = NO;
				GCC_OPTIMIZATION_LEVEL = 0;
				GCC_PREPROCESSOR_DEFINITIONS = (
					"DEBUG=1",
					"$(inherited)",
				);
				GCC_SYMBOLS_PRIVATE_EXTERN = NO;
				GCC_WARN_64_TO_32_BIT_CONVERSION = YES;
				GCC_WARN_ABOUT_RETURN_TYPE = YES_ERROR;
				GCC_WARN_UNDECLARED_SELECTOR = YES;
				GCC_WARN_UNINITIALIZED_AUTOS = YES_AGGRESSIVE;
				GCC_WARN_UNUSED_FUNCTION = YES;
				GCC_WARN_UNUSED_VARIABLE = YES;
				IPHONEOS_DEPLOYMENT_TARGET = 7.1;
				ONLY_ACTIVE_ARCH = YES;
				SDKROOT = iphoneos;
			};
			name = Debug;
		};
		1768947818D9C1E800311551 /* Release */ = {
			isa = XCBuildConfiguration;
			buildSettings = {
				ALWAYS_SEARCH_USER_PATHS = NO;
				CLANG_CXX_LANGUAGE_STANDARD = "gnu++0x";
				CLANG_CXX_LIBRARY = "libc++";
				CLANG_ENABLE_MODULES = YES;
				CLANG_ENABLE_OBJC_ARC = YES;
				CLANG_WARN_BOOL_CONVERSION = YES;
				CLANG_WARN_CONSTANT_CONVERSION = YES;
				CLANG_WARN_DIRECT_OBJC_ISA_USAGE = YES_ERROR;
				CLANG_WARN_EMPTY_BODY = YES;
				CLANG_WARN_ENUM_CONVERSION = YES;
				CLANG_WARN_INT_CONVERSION = YES;
				CLANG_WARN_OBJC_ROOT_CLASS = YES_ERROR;
				CLANG_WARN__DUPLICATE_METHOD_MATCH = YES;
				"CODE_SIGN_IDENTITY[sdk=iphoneos*]" = "iPhone Developer";
				COPY_PHASE_STRIP = YES;
				ENABLE_NS_ASSERTIONS = NO;
				GCC_C_LANGUAGE_STANDARD = gnu99;
				GCC_WARN_64_TO_32_BIT_CONVERSION = YES;
				GCC_WARN_ABOUT_RETURN_TYPE = YES_ERROR;
				GCC_WARN_UNDECLARED_SELECTOR = YES;
				GCC_WARN_UNINITIALIZED_AUTOS = YES_AGGRESSIVE;
				GCC_WARN_UNUSED_FUNCTION = YES;
				GCC_WARN_UNUSED_VARIABLE = YES;
				IPHONEOS_DEPLOYMENT_TARGET = 7.1;
				SDKROOT = iphoneos;
				VALIDATE_PRODUCT = YES;
			};
			name = Release;
		};
		1768947A18D9C1E800311551 /* Debug */ = {
			isa = XCBuildConfiguration;
			buildSettings = {
				ASSETCATALOG_COMPILER_APPICON_NAME = AppIcon;
				ASSETCATALOG_COMPILER_LAUNCHIMAGE_NAME = LaunchImage;
				GCC_PRECOMPILE_PREFIX_HEADER = YES;
				GCC_PREFIX_HEADER = "YYHRequest/YYHRequest-Prefix.pch";
				INFOPLIST_FILE = "YYHRequest/YYHRequest-Info.plist";
				PRODUCT_NAME = "$(TARGET_NAME)";
				WRAPPER_EXTENSION = app;
			};
			name = Debug;
		};
		1768947B18D9C1E800311551 /* Release */ = {
			isa = XCBuildConfiguration;
			buildSettings = {
				ASSETCATALOG_COMPILER_APPICON_NAME = AppIcon;
				ASSETCATALOG_COMPILER_LAUNCHIMAGE_NAME = LaunchImage;
				GCC_PRECOMPILE_PREFIX_HEADER = YES;
				GCC_PREFIX_HEADER = "YYHRequest/YYHRequest-Prefix.pch";
				INFOPLIST_FILE = "YYHRequest/YYHRequest-Info.plist";
				PRODUCT_NAME = "$(TARGET_NAME)";
				WRAPPER_EXTENSION = app;
			};
			name = Release;
		};
		1768947D18D9C1E800311551 /* Debug */ = {
			isa = XCBuildConfiguration;
			buildSettings = {
				BUNDLE_LOADER = "$(BUILT_PRODUCTS_DIR)/YYHRequest.app/YYHRequest";
				FRAMEWORK_SEARCH_PATHS = (
					"$(SDKROOT)/Developer/Library/Frameworks",
					"$(inherited)",
					"$(DEVELOPER_FRAMEWORKS_DIR)",
				);
				GCC_PRECOMPILE_PREFIX_HEADER = YES;
				GCC_PREFIX_HEADER = "YYHRequest/YYHRequest-Prefix.pch";
				GCC_PREPROCESSOR_DEFINITIONS = (
					"DEBUG=1",
					"$(inherited)",
				);
				INFOPLIST_FILE = "YYHRequestTests/YYHRequestTests-Info.plist";
				PRODUCT_NAME = "$(TARGET_NAME)";
				TEST_HOST = "$(BUNDLE_LOADER)";
				WRAPPER_EXTENSION = xctest;
			};
			name = Debug;
		};
		1768947E18D9C1E800311551 /* Release */ = {
			isa = XCBuildConfiguration;
			buildSettings = {
				BUNDLE_LOADER = "$(BUILT_PRODUCTS_DIR)/YYHRequest.app/YYHRequest";
				FRAMEWORK_SEARCH_PATHS = (
					"$(SDKROOT)/Developer/Library/Frameworks",
					"$(inherited)",
					"$(DEVELOPER_FRAMEWORKS_DIR)",
				);
				GCC_PRECOMPILE_PREFIX_HEADER = YES;
				GCC_PREFIX_HEADER = "YYHRequest/YYHRequest-Prefix.pch";
				INFOPLIST_FILE = "YYHRequestTests/YYHRequestTests-Info.plist";
				PRODUCT_NAME = "$(TARGET_NAME)";
				TEST_HOST = "$(BUNDLE_LOADER)";
				WRAPPER_EXTENSION = xctest;
			};
			name = Release;
		};
/* End XCBuildConfiguration section */

/* Begin XCConfigurationList section */
		1768944818D9C1E800311551 /* Build configuration list for PBXProject "YYHRequest" */ = {
			isa = XCConfigurationList;
			buildConfigurations = (
				1768947718D9C1E800311551 /* Debug */,
				1768947818D9C1E800311551 /* Release */,
			);
			defaultConfigurationIsVisible = 0;
			defaultConfigurationName = Release;
		};
		1768947918D9C1E800311551 /* Build configuration list for PBXNativeTarget "YYHRequest" */ = {
			isa = XCConfigurationList;
			buildConfigurations = (
				1768947A18D9C1E800311551 /* Debug */,
				1768947B18D9C1E800311551 /* Release */,
			);
			defaultConfigurationIsVisible = 0;
			defaultConfigurationName = Release;
		};
		1768947C18D9C1E800311551 /* Build configuration list for PBXNativeTarget "YYHRequestTests" */ = {
			isa = XCConfigurationList;
			buildConfigurations = (
				1768947D18D9C1E800311551 /* Debug */,
				1768947E18D9C1E800311551 /* Release */,
			);
			defaultConfigurationIsVisible = 0;
			defaultConfigurationName = Release;
		};
/* End XCConfigurationList section */
	};
	rootObject = 1768944518D9C1E800311551 /* Project object */;
}
